
Microsoft Visual Studio Solution File, Format Version 12.00
# Visual Studio 2013
VisualStudioVersion = 12.0.21005.1
MinimumVisualStudioVersion = 10.0.40219.1
Project("{FAE04EC0-301F-11D3-BF4B-00C04F79EFBC}") = "ReflexiveXmlSerializer", "ReflexiveXmlSerializer\ReflexiveXmlSerializer.csproj", "{023314D1-8458-4B6F-86C2-AA0A68BD2CD0}"
EndProject
Project("{FAE04EC0-301F-11D3-BF4B-00C04F79EFBC}") = "ReflexiveXmlSerializerUnitTests", "ReflexiveXmlSerializerUnitTests\ReflexiveXmlSerializerUnitTests.csproj", "{2121BDDB-5154-448C-A12D-E411E707EAF3}"
EndProject
Global
	GlobalSection(SolutionConfigurationPlatforms) = preSolution
		Debug|Any CPU = Debug|Any CPU
		Release|Any CPU = Release|Any CPU
	EndGlobalSection
	GlobalSection(ProjectConfigurationPlatforms) = postSolution
		{023314D1-8458-4B6F-86C2-AA0A68BD2CD0}.Debug|Any CPU.ActiveCfg = Debug|Any CPU
		{023314D1-8458-4B6F-86C2-AA0A68BD2CD0}.Debug|Any CPU.Build.0 = Debug|Any CPU
		{023314D1-8458-4B6F-86C2-AA0A68BD2CD0}.Release|Any CPU.ActiveCfg = Release|Any CPU
		{023314D1-8458-4B6F-86C2-AA0A68BD2CD0}.Release|Any CPU.Build.0 = Release|Any CPU
		{2121BDDB-5154-448C-A12D-E411E707EAF3}.Debug|Any CPU.ActiveCfg = Debug|Any CPU
		{2121BDDB-5154-448C-A12D-E411E707EAF3}.Debug|Any CPU.Build.0 = Debug|Any CPU
		{2121BDDB-5154-448C-A12D-E411E707EAF3}.Release|Any CPU.ActiveCfg = Release|Any CPU
		{2121BDDB-5154-448C-A12D-E411E707EAF3}.Release|Any CPU.Build.0 = Release|Any CPU
	EndGlobalSection
	GlobalSection(SolutionProperties) = preSolution
		HideSolutionNode = FALSE
	EndGlobalSection
EndGlobal
